
Microsoft Visual Studio Solution File, Format Version 12.00
# Visual Studio 15
VisualStudioVersion = 15.0.27428.2015
MinimumVisualStudioVersion = 10.0.40219.1
Project("{FAE04EC0-301F-11D3-BF4B-00C04F79EFBC}") = "Mushroom", "Mushroom\Mushroom.csproj", "{FCC81AAC-26A2-4909-B641-8851E792800E}"
EndProject
Project("{FAE04EC0-301F-11D3-BF4B-00C04F79EFBC}") = "Updater", "Updater\Updater.csproj", "{1D6CDC05-4C77-44E3-BCEC-91333C20E9FC}"
EndProject
Project("{9A19103F-16F7-4668-BE54-9A1E7A4F7556}") = "AutoUpdate", "AutoUpdate\AutoUpdate.csproj", "{42296F90-9F98-485D-873D-6F5A1764D8F2}"
EndProject
Project("{FAE04EC0-301F-11D3-BF4B-00C04F79EFBC}") = "Connection", "Connection\Connection.csproj", "{C346CAEB-D488-4598-89C4-6DA08AB40668}"
EndProject
Project("{FAE04EC0-301F-11D3-BF4B-00C04F79EFBC}") = "Test", "Test\Test.csproj", "{B3107FC3-C2D1-4F7E-B88A-7C6E2FD165F4}"
EndProject
Global
	GlobalSection(SolutionConfigurationPlatforms) = preSolution
		Debug|Any CPU = Debug|Any CPU
		Release|Any CPU = Release|Any CPU
	EndGlobalSection
	GlobalSection(ProjectConfigurationPlatforms) = postSolution
		{FCC81AAC-26A2-4909-B641-8851E792800E}.Debug|Any CPU.ActiveCfg = Debug|Any CPU
		{FCC81AAC-26A2-4909-B641-8851E792800E}.Debug|Any CPU.Build.0 = Debug|Any CPU
		{FCC81AAC-26A2-4909-B641-8851E792800E}.Release|Any CPU.ActiveCfg = Release|Any CPU
		{FCC81AAC-26A2-4909-B641-8851E792800E}.Release|Any CPU.Build.0 = Release|Any CPU
		{1D6CDC05-4C77-44E3-BCEC-91333C20E9FC}.Debug|Any CPU.ActiveCfg = Debug|Any CPU
		{1D6CDC05-4C77-44E3-BCEC-91333C20E9FC}.Debug|Any CPU.Build.0 = Debug|Any CPU
		{1D6CDC05-4C77-44E3-BCEC-91333C20E9FC}.Release|Any CPU.ActiveCfg = Release|Any CPU
		{1D6CDC05-4C77-44E3-BCEC-91333C20E9FC}.Release|Any CPU.Build.0 = Release|Any CPU
		{42296F90-9F98-485D-873D-6F5A1764D8F2}.Debug|Any CPU.ActiveCfg = Debug|Any CPU
		{42296F90-9F98-485D-873D-6F5A1764D8F2}.Debug|Any CPU.Build.0 = Debug|Any CPU
		{42296F90-9F98-485D-873D-6F5A1764D8F2}.Release|Any CPU.ActiveCfg = Release|Any CPU
		{42296F90-9F98-485D-873D-6F5A1764D8F2}.Release|Any CPU.Build.0 = Release|Any CPU
		{C346CAEB-D488-4598-89C4-6DA08AB40668}.Debug|Any CPU.ActiveCfg = Debug|Any CPU
		{C346CAEB-D488-4598-89C4-6DA08AB40668}.Debug|Any CPU.Build.0 = Debug|Any CPU
		{C346CAEB-D488-4598-89C4-6DA08AB40668}.Release|Any CPU.ActiveCfg = Release|Any CPU
		{C346CAEB-D488-4598-89C4-6DA08AB40668}.Release|Any CPU.Build.0 = Release|Any CPU
		{B3107FC3-C2D1-4F7E-B88A-7C6E2FD165F4}.Debug|Any CPU.ActiveCfg = Debug|Any CPU
		{B3107FC3-C2D1-4F7E-B88A-7C6E2FD165F4}.Debug|Any CPU.Build.0 = Debug|Any CPU
		{B3107FC3-C2D1-4F7E-B88A-7C6E2FD165F4}.Release|Any CPU.ActiveCfg = Release|Any CPU
		{B3107FC3-C2D1-4F7E-B88A-7C6E2FD165F4}.Release|Any CPU.Build.0 = Release|Any CPU
	EndGlobalSection
	GlobalSection(SolutionProperties) = preSolution
		HideSolutionNode = FALSE
	EndGlobalSection
	GlobalSection(ExtensibilityGlobals) = postSolution
		SolutionGuid = {958E3183-58EF-425A-BB8C-037BF6081D32}
	EndGlobalSection
EndGlobal
